
Microsoft Visual Studio Solution File, Format Version 11.00
# Visual Studio 2010
Project("{FAE04EC0-301F-11D3-BF4B-00C04F79EFBC}") = "dev_manual_test_3", "Assembly-CSharp.csproj", "{5BE4591B-692E-13EC-DBAA-3C532066F16C}"
EndProject
Project("{FAE04EC0-301F-11D3-BF4B-00C04F79EFBC}") = "dev_manual_test_3", "Assembly-CSharp-Editor.csproj", "{92153B01-9047-5998-2E1A-2C54BBDD8E80}"
EndProject
Global
	GlobalSection(SolutionConfigurationPlatforms) = preSolution
		Debug|Any CPU = Debug|Any CPU
		Release|Any CPU = Release|Any CPU
	EndGlobalSection
	GlobalSection(ProjectConfigurationPlatforms) = postSolution
		{5BE4591B-692E-13EC-DBAA-3C532066F16C}.Debug|Any CPU.ActiveCfg = Debug|Any CPU
		{5BE4591B-692E-13EC-DBAA-3C532066F16C}.Debug|Any CPU.Build.0 = Debug|Any CPU
		{5BE4591B-692E-13EC-DBAA-3C532066F16C}.Release|Any CPU.ActiveCfg = Release|Any CPU
		{5BE4591B-692E-13EC-DBAA-3C532066F16C}.Release|Any CPU.Build.0 = Release|Any CPU
		{92153B01-9047-5998-2E1A-2C54BBDD8E80}.Debug|Any CPU.ActiveCfg = Debug|Any CPU
		{92153B01-9047-5998-2E1A-2C54BBDD8E80}.Debug|Any CPU.Build.0 = Debug|Any CPU
		{92153B01-9047-5998-2E1A-2C54BBDD8E80}.Release|Any CPU.ActiveCfg = Release|Any CPU
		{92153B01-9047-5998-2E1A-2C54BBDD8E80}.Release|Any CPU.Build.0 = Release|Any CPU
	EndGlobalSection
	GlobalSection(SolutionProperties) = preSolution
		HideSolutionNode = FALSE
	EndGlobalSection
	GlobalSection(MonoDevelopProperties) = preSolution
		StartupItem = Assembly-CSharp.csproj
	EndGlobalSection
EndGlobal
